Microsoft Visual Studio Solution File, Format Version 12.00
# Visual Studio Version 17
VisualStudioVersion = 17.5.2.0
MinimumVisualStudioVersion = 10.0.40219.1
Project("{FAE04EC0-301F-11D3-BF4B-00C04F79EFBC}") = "PortfolioBackend", "portfolio-backend\PortfolioBackend.csproj", "{733A4611-9060-5AA3-AE0E-F8D24AF5E77D}"
EndProject
Global
	GlobalSection(SolutionConfigurationPlatforms) = preSolution
		Debug|Any CPU = Debug|Any CPU
		Release|Any CPU = Release|Any CPU
	EndGlobalSection
	GlobalSection(ProjectConfigurationPlatforms) = postSolution
		{733A4611-9060-5AA3-AE0E-F8D24AF5E77D}.Debug|Any CPU.ActiveCfg = Debug|Any CPU
		{733A4611-9060-5AA3-AE0E-F8D24AF5E77D}.Debug|Any CPU.Build.0 = Debug|Any CPU
		{733A4611-9060-5AA3-AE0E-F8D24AF5E77D}.Release|Any CPU.ActiveCfg = Release|Any CPU
		{733A4611-9060-5AA3-AE0E-F8D24AF5E77D}.Release|Any CPU.Build.0 = Release|Any CPU
	EndGlobalSection
	GlobalSection(SolutionProperties) = preSolution
		HideSolutionNode = FALSE
	EndGlobalSection
	GlobalSection(ExtensibilityGlobals) = postSolution
		SolutionGuid = {645A6DE4-5119-4852-B3B1-E0FB7F86A676}
	EndGlobalSection
EndGlobal
